
Microsoft Visual Studio Solution File, Format Version 12.00
# Visual Studio Version 16
VisualStudioVersion = 16.0.29102.190
MinimumVisualStudioVersion = 10.0.40219.1
Project("{FAE04EC0-301F-11D3-BF4B-00C04F79EFBC}") = "CatCore", "CatCore\CatCore.csproj", "{1550CDE4-484A-4A2E-8705-B8C5236D5D60}"
EndProject
Project("{FAE04EC0-301F-11D3-BF4B-00C04F79EFBC}") = "CatCoreTests", "CatCoreTests\CatCoreTests.csproj", "{95A03F04-39FB-4D9F-A470-DA934A8BAFB7}"
EndProject
Global
	GlobalSection(SolutionConfigurationPlatforms) = preSolution
		Debug|Any CPU = Debug|Any CPU
		Release|Any CPU = Release|Any CPU
	EndGlobalSection
	GlobalSection(ProjectConfigurationPlatforms) = postSolution
		{1550CDE4-484A-4A2E-8705-B8C5236D5D60}.Debug|Any CPU.ActiveCfg = Debug|Any CPU
		{1550CDE4-484A-4A2E-8705-B8C5236D5D60}.Debug|Any CPU.Build.0 = Debug|Any CPU
		{1550CDE4-484A-4A2E-8705-B8C5236D5D60}.Release|Any CPU.ActiveCfg = Release|Any CPU
		{1550CDE4-484A-4A2E-8705-B8C5236D5D60}.Release|Any CPU.Build.0 = Release|Any CPU
		{95A03F04-39FB-4D9F-A470-DA934A8BAFB7}.Debug|Any CPU.ActiveCfg = Debug|Any CPU
		{95A03F04-39FB-4D9F-A470-DA934A8BAFB7}.Debug|Any CPU.Build.0 = Debug|Any CPU
		{95A03F04-39FB-4D9F-A470-DA934A8BAFB7}.Release|Any CPU.ActiveCfg = Release|Any CPU
		{95A03F04-39FB-4D9F-A470-DA934A8BAFB7}.Release|Any CPU.Build.0 = Release|Any CPU
	EndGlobalSection
	GlobalSection(SolutionProperties) = preSolution
		HideSolutionNode = FALSE
	EndGlobalSection
	GlobalSection(ExtensibilityGlobals) = postSolution
		SolutionGuid = {3B580001-4093-4BAC-8458-15732505A5B4}
	EndGlobalSection
EndGlobal
